{
  "requires": true,
  "lockfileVersion": 1,
  "dependencies": {
    "fundebug-javascript": {
      "version": "2.0.0",
      "resolved": "https://registry.npm.taobao.org/fundebug-javascript/download/fundebug-javascript-2.0.0.tgz",
      "integrity": "sha1-2mMJXRSTFBD4Nou6e8A+nKbAGtg="
    },
    "fundebug-revideo": {
      "version": "0.6.0",
      "resolved": "https://registry.npm.taobao.org/fundebug-revideo/download/fundebug-revideo-0.6.0.tgz",
      "integrity": "sha1-KCFgemUlaTJm0qYruwnLNWuM6fU=",
      "dev": true
    },
    "lodash": {
      "version": "4.17.11",
      "resolved": "https://registry.npmjs.org/lodash/-/lodash-4.17.11.tgz",
      "integrity": "sha512-cQKh8igo5QUhZ7lg38DYWAxMvjSAKG0A8wGSVimP07SIUEK2UO+arSRKbRZWtelMtN5V0Hkwh5ryOto/SshYIg=="
    }
  }
}
